// !$*UTF8*$!
{
	archiveVersion = 1;
	classes = {
	};
	objectVersion = 56;
	objects = {

/* Begin PBXBuildFile section */
		8E8985412CC832D60056E823 /* FIGApp.swift in Sources */ = {isa = PBXBuildFile; fileRef = 8E8985402CC832D60056E823 /* FIGApp.swift */; };
		8E8985432CC832D60056E823 /* ContentView.swift in Sources */ = {isa = PBXBuildFile; fileRef = 8E8985422CC832D60056E823 /* ContentView.swift */; };
		8E8985452CC832D80056E823 /* Assets.xcassets in Resources */ = {isa = PBXBuildFile; fileRef = 8E8985442CC832D80056E823 /* Assets.xcassets */; };
		8E8985482CC832D80056E823 /* Preview Assets.xcassets in Resources */ = {isa = PBXBuildFile; fileRef = 8E8985472CC832D80056E823 /* Preview Assets.xcassets */; };
		8E8985522CC832D80056E823 /* FIGTests.swift in Sources */ = {isa = PBXBuildFile; fileRef = 8E8985512CC832D80056E823 /* FIGTests.swift */; };
		8E89855C2CC832D80056E823 /* FIGUITests.swift in Sources */ = {isa = PBXBuildFile; fileRef = 8E89855B2CC832D80056E823 /* FIGUITests.swift */; };
		8E89855E2CC832D80056E823 /* FIGUITestsLaunchTests.swift in Sources */ = {isa = PBXBuildFile; fileRef = 8E89855D2CC832D80056E823 /* FIGUITestsLaunchTests.swift */; };
		8EA6302B2CCAE86900C4B0D2 /* MainTabView.swift in Sources */ = {isa = PBXBuildFile; fileRef = 8EA6302A2CCAE86900C4B0D2 /* MainTabView.swift */; };
		8EA6302D2CCAEF5900C4B0D2 /* ProfileView.swift in Sources */ = {isa = PBXBuildFile; fileRef = 8EA6302C2CCAEF5900C4B0D2 /* ProfileView.swift */; };
		8EA630302CCB17D700C4B0D2 /* UserStatView.swift in Sources */ = {isa = PBXBuildFile; fileRef = 8EA6302F2CCB17D700C4B0D2 /* UserStatView.swift */; };
/* End PBXBuildFile section */

/* Begin PBXContainerItemProxy section */
		8E89854E2CC832D80056E823 /* PBXContainerItemProxy */ = {
			isa = PBXContainerItemProxy;
			containerPortal = 8E8985352CC832D60056E823 /* Project object */;
			proxyType = 1;
			remoteGlobalIDString = 8E89853C2CC832D60056E823;
			remoteInfo = FIG;
		};
		8E8985582CC832D80056E823 /* PBXContainerItemProxy */ = {
			isa = PBXContainerItemProxy;
			containerPortal = 8E8985352CC832D60056E823 /* Project object */;
			proxyType = 1;
			remoteGlobalIDString = 8E89853C2CC832D60056E823;
			remoteInfo = FIG;
		};
/* End PBXContainerItemProxy section */

/* Begin PBXFileReference section */
		8E89853D2CC832D60056E823 /* FIG.app */ = {isa = PBXFileReference; explicitFileType = wrapper.application; includeInIndex = 0; path = FIG.app; sourceTree = BUILT_PRODUCTS_DIR; };
		8E8985402CC832D60056E823 /* FIGApp.swift */ = {isa = PBXFileReference; lastKnownFileType = sourcecode.swift; path = FIGApp.swift; sourceTree = "<group>"; };
		8E8985422CC832D60056E823 /* ContentView.swift */ = {isa = PBXFileReference; lastKnownFileType = sourcecode.swift; path = ContentView.swift; sourceTree = "<group>"; };
		8E8985442CC832D80056E823 /* Assets.xcassets */ = {isa = PBXFileReference; lastKnownFileType = folder.assetcatalog; path = Assets.xcassets; sourceTree = "<group>"; };
		8E8985472CC832D80056E823 /* Preview Assets.xcassets */ = {isa = PBXFileReference; lastKnownFileType = folder.assetcatalog; path = "Preview Assets.xcassets"; sourceTree = "<group>"; };
		8E89854D2CC832D80056E823 /* FIGTests.xctest */ = {isa = PBXFileReference; explicitFileType = wrapper.cfbundle; includeInIndex = 0; path = FIGTests.xctest; sourceTree = BUILT_PRODUCTS_DIR; };
		8E8985512CC832D80056E823 /* FIGTests.swift */ = {isa = PBXFileReference; lastKnownFileType = sourcecode.swift; path = FIGTests.swift; sourceTree = "<group>"; };
		8E8985572CC832D80056E823 /* FIGUITests.xctest */ = {isa = PBXFileReference; explicitFileType = wrapper.cfbundle; includeInIndex = 0; path = FIGUITests.xctest; sourceTree = BUILT_PRODUCTS_DIR; };
		8E89855B2CC832D80056E823 /* FIGUITests.swift */ = {isa = PBXFileReference; lastKnownFileType = sourcecode.swift; path = FIGUITests.swift; sourceTree = "<group>"; };
		8E89855D2CC832D80056E823 /* FIGUITestsLaunchTests.swift */ = {isa = PBXFileReference; lastKnownFileType = sourcecode.swift; path = FIGUITestsLaunchTests.swift; sourceTree = "<group>"; };
		8EA6302A2CCAE86900C4B0D2 /* MainTabView.swift */ = {isa = PBXFileReference; lastKnownFileType = sourcecode.swift; path = MainTabView.swift; sourceTree = "<group>"; };
		8EA6302C2CCAEF5900C4B0D2 /* ProfileView.swift */ = {isa = PBXFileReference; lastKnownFileType = sourcecode.swift; path = ProfileView.swift; sourceTree = "<group>"; };
		8EA6302F2CCB17D700C4B0D2 /* UserStatView.swift */ = {isa = PBXFileReference; lastKnownFileType = sourcecode.swift; path = UserStatView.swift; sourceTree = "<group>"; };
/* End PBXFileReference section */

/* Begin PBXFrameworksBuildPhase section */
		8E89853A2CC832D60056E823 /* Frameworks */ = {
			isa = PBXFrameworksBuildPhase;
			buildActionMask = 2147483647;
			files = (
			);
			runOnlyForDeploymentPostprocessing = 0;
		};
		8E89854A2CC832D80056E823 /* Frameworks */ = {
			isa = PBXFrameworksBuildPhase;
			buildActionMask = 2147483647;
			files = (
			);
			runOnlyForDeploymentPostprocessing = 0;
		};
		8E8985542CC832D80056E823 /* Frameworks */ = {
			isa = PBXFrameworksBuildPhase;
			buildActionMask = 2147483647;
			files = (
			);
			runOnlyForDeploymentPostprocessing = 0;
		};
/* End PBXFrameworksBuildPhase section */

/* Begin PBXGroup section */
		8E8985342CC832D60056E823 = {
			isa = PBXGroup;
			children = (
				8E89853F2CC832D60056E823 /* FIG */,
				8E8985502CC832D80056E823 /* FIGTests */,
				8E89855A2CC832D80056E823 /* FIGUITests */,
				8E89853E2CC832D60056E823 /* Products */,
			);
			sourceTree = "<group>";
		};
		8E89853E2CC832D60056E823 /* Products */ = {
			isa = PBXGroup;
			children = (
				8E89853D2CC832D60056E823 /* FIG.app */,
				8E89854D2CC832D80056E823 /* FIGTests.xctest */,
				8E8985572CC832D80056E823 /* FIGUITests.xctest */,
			);
			name = Products;
			sourceTree = "<group>";
		};
		8E89853F2CC832D60056E823 /* FIG */ = {
			isa = PBXGroup;
			children = (
				8EA630222CCAE6B400C4B0D2 /* App */,
				8EA630212CCAE6A100C4B0D2 /* Core */,
				8EA630202CCAE69C00C4B0D2 /* Extensions */,
				8EA6301C2CCAE68500C4B0D2 /* Services */,
				8E8985422CC832D60056E823 /* ContentView.swift */,
				8E8985442CC832D80056E823 /* Assets.xcassets */,
				8E8985462CC832D80056E823 /* Preview Content */,
			);
			path = FIG;
			sourceTree = "<group>";
		};
		8E8985462CC832D80056E823 /* Preview Content */ = {
			isa = PBXGroup;
			children = (
				8E8985472CC832D80056E823 /* Preview Assets.xcassets */,
			);
			path = "Preview Content";
			sourceTree = "<group>";
		};
		8E8985502CC832D80056E823 /* FIGTests */ = {
			isa = PBXGroup;
			children = (
				8E8985512CC832D80056E823 /* FIGTests.swift */,
			);
			path = FIGTests;
			sourceTree = "<group>";
		};
		8E89855A2CC832D80056E823 /* FIGUITests */ = {
			isa = PBXGroup;
			children = (
				8E89855B2CC832D80056E823 /* FIGUITests.swift */,
				8E89855D2CC832D80056E823 /* FIGUITestsLaunchTests.swift */,
			);
			path = FIGUITests;
			sourceTree = "<group>";
		};
		8EA6301C2CCAE68500C4B0D2 /* Services */ = {
			isa = PBXGroup;
			children = (
			);
			path = Services;
			sourceTree = "<group>";
		};
		8EA630202CCAE69C00C4B0D2 /* Extensions */ = {
			isa = PBXGroup;
			children = (
			);
			path = Extensions;
			sourceTree = "<group>";
		};
		8EA630212CCAE6A100C4B0D2 /* Core */ = {
			isa = PBXGroup;
			children = (
				8EA630232CCAE72700C4B0D2 /* Authentication */,
				8EA6302E2CCB179300C4B0D2 /* Components */,
				8EA630242CCAE73900C4B0D2 /* Feed */,
				8EA630252CCAE74200C4B0D2 /* Profile */,
				8EA630262CCAE74600C4B0D2 /* Root */,
				8EA630272CCAE75100C4B0D2 /* Search */,
				8EA630292CCAE7C900C4B0D2 /* TabBar */,
				8EA630282CCAE7C700C4B0D2 /* UploadPost */,
			);
			path = Core;
			sourceTree = "<group>";
		};
		8EA630222CCAE6B400C4B0D2 /* App */ = {
			isa = PBXGroup;
			children = (
				8E8985402CC832D60056E823 /* FIGApp.swift */,
			);
			path = App;
			sourceTree = "<group>";
		};
		8EA630232CCAE72700C4B0D2 /* Authentication */ = {
			isa = PBXGroup;
			children = (
			);
			path = Authentication;
			sourceTree = "<group>";
		};
		8EA630242CCAE73900C4B0D2 /* Feed */ = {
			isa = PBXGroup;
			children = (
			);
			path = Feed;
			sourceTree = "<group>";
		};
		8EA630252CCAE74200C4B0D2 /* Profile */ = {
			isa = PBXGroup;
			children = (
				8EA6302C2CCAEF5900C4B0D2 /* ProfileView.swift */,
			);
			path = Profile;
			sourceTree = "<group>";
		};
		8EA630262CCAE74600C4B0D2 /* Root */ = {
			isa = PBXGroup;
			children = (
			);
			path = Root;
			sourceTree = "<group>";
		};
		8EA630272CCAE75100C4B0D2 /* Search */ = {
			isa = PBXGroup;
			children = (
			);
			path = Search;
			sourceTree = "<group>";
		};
		8EA630282CCAE7C700C4B0D2 /* UploadPost */ = {
			isa = PBXGroup;
			children = (
			);
			path = UploadPost;
			sourceTree = "<group>";
		};
		8EA630292CCAE7C900C4B0D2 /* TabBar */ = {
			isa = PBXGroup;
			children = (
				8EA6302A2CCAE86900C4B0D2 /* MainTabView.swift */,
			);
			path = TabBar;
			sourceTree = "<group>";
		};
		8EA6302E2CCB179300C4B0D2 /* Components */ = {
			isa = PBXGroup;
			children = (
				8EA6302F2CCB17D700C4B0D2 /* UserStatView.swift */,
			);
			path = Components;
			sourceTree = "<group>";
		};
/* End PBXGroup section */

/* Begin PBXNativeTarget section */
		8E89853C2CC832D60056E823 /* FIG */ = {
			isa = PBXNativeTarget;
			buildConfigurationList = 8E8985612CC832D80056E823 /* Build configuration list for PBXNativeTarget "FIG" */;
			buildPhases = (
				8E8985392CC832D60056E823 /* Sources */,
				8E89853A2CC832D60056E823 /* Frameworks */,
				8E89853B2CC832D60056E823 /* Resources */,
			);
			buildRules = (
			);
			dependencies = (
			);
			name = FIG;
			productName = FIG;
			productReference = 8E89853D2CC832D60056E823 /* FIG.app */;
			productType = "com.apple.product-type.application";
		};
		8E89854C2CC832D80056E823 /* FIGTests */ = {
			isa = PBXNativeTarget;
			buildConfigurationList = 8E8985642CC832D80056E823 /* Build configuration list for PBXNativeTarget "FIGTests" */;
			buildPhases = (
				8E8985492CC832D80056E823 /* Sources */,
				8E89854A2CC832D80056E823 /* Frameworks */,
				8E89854B2CC832D80056E823 /* Resources */,
			);
			buildRules = (
			);
			dependencies = (
				8E89854F2CC832D80056E823 /* PBXTargetDependency */,
			);
			name = FIGTests;
			productName = FIGTests;
			productReference = 8E89854D2CC832D80056E823 /* FIGTests.xctest */;
			productType = "com.apple.product-type.bundle.unit-test";
		};
		8E8985562CC832D80056E823 /* FIGUITests */ = {
			isa = PBXNativeTarget;
			buildConfigurationList = 8E8985672CC832D80056E823 /* Build configuration list for PBXNativeTarget "FIGUITests" */;
			buildPhases = (
				8E8985532CC832D80056E823 /* Sources */,
				8E8985542CC832D80056E823 /* Frameworks */,
				8E8985552CC832D80056E823 /* Resources */,
			);
			buildRules = (
			);
			dependencies = (
				8E8985592CC832D80056E823 /* PBXTargetDependency */,
			);
			name = FIGUITests;
			productName = FIGUITests;
			productReference = 8E8985572CC832D80056E823 /* FIGUITests.xctest */;
			productType = "com.apple.product-type.bundle.ui-testing";
		};
/* End PBXNativeTarget section */

/* Begin PBXProject section */
		8E8985352CC832D60056E823 /* Project object */ = {
			isa = PBXProject;
			attributes = {
				BuildIndependentTargetsInParallel = 1;
				LastSwiftUpdateCheck = 1540;
				LastUpgradeCheck = 1540;
				TargetAttributes = {
					8E89853C2CC832D60056E823 = {
						CreatedOnToolsVersion = 15.4;
					};
					8E89854C2CC832D80056E823 = {
						CreatedOnToolsVersion = 15.4;
						TestTargetID = 8E89853C2CC832D60056E823;
					};
					8E8985562CC832D80056E823 = {
						CreatedOnToolsVersion = 15.4;
						TestTargetID = 8E89853C2CC832D60056E823;
					};
				};
			};
			buildConfigurationList = 8E8985382CC832D60056E823 /* Build configuration list for PBXProject "FIG" */;
			compatibilityVersion = "Xcode 14.0";
			developmentRegion = en;
			hasScannedForEncodings = 0;
			knownRegions = (
				en,
				Base,
			);
			mainGroup = 8E8985342CC832D60056E823;
			productRefGroup = 8E89853E2CC832D60056E823 /* Products */;
			projectDirPath = "";
			projectRoot = "";
			targets = (
				8E89853C2CC832D60056E823 /* FIG */,
				8E89854C2CC832D80056E823 /* FIGTests */,
				8E8985562CC832D80056E823 /* FIGUITests */,
			);
		};
/* End PBXProject section */

/* Begin PBXResourcesBuildPhase section */
		8E89853B2CC832D60056E823 /* Resources */ = {
			isa = PBXResourcesBuildPhase;
			buildActionMask = 2147483647;
			files = (
				8E8985482CC832D80056E823 /* Preview Assets.xcassets in Resources */,
				8E8985452CC832D80056E823 /* Assets.xcassets in Resources */,
			);
			runOnlyForDeploymentPostprocessing = 0;
		};
		8E89854B2CC832D80056E823 /* Resources */ = {
			isa = PBXResourcesBuildPhase;
			buildActionMask = 2147483647;
			files = (
			);
			runOnlyForDeploymentPostprocessing = 0;
		};
		8E8985552CC832D80056E823 /* Resources */ = {
			isa = PBXResourcesBuildPhase;
			buildActionMask = 2147483647;
			files = (
			);
			runOnlyForDeploymentPostprocessing = 0;
		};
/* End PBXResourcesBuildPhase section */

/* Begin PBXSourcesBuildPhase section */
		8E8985392CC832D60056E823 /* Sources */ = {
			isa = PBXSourcesBuildPhase;
			buildActionMask = 2147483647;
			files = (
				8EA6302D2CCAEF5900C4B0D2 /* ProfileView.swift in Sources */,
				8E8985432CC832D60056E823 /* ContentView.swift in Sources */,
				8EA630302CCB17D700C4B0D2 /* UserStatView.swift in Sources */,
				8E8985412CC832D60056E823 /* FIGApp.swift in Sources */,
				8EA6302B2CCAE86900C4B0D2 /* MainTabView.swift in Sources */,
			);
			runOnlyForDeploymentPostprocessing = 0;
		};
		8E8985492CC832D80056E823 /* Sources */ = {
			isa = PBXSourcesBuildPhase;
			buildActionMask = 2147483647;
			files = (
				8E8985522CC832D80056E823 /* FIGTests.swift in Sources */,
			);
			runOnlyForDeploymentPostprocessing = 0;
		};
		8E8985532CC832D80056E823 /* Sources */ = {
			isa = PBXSourcesBuildPhase;
			buildActionMask = 2147483647;
			files = (
				8E89855C2CC832D80056E823 /* FIGUITests.swift in Sources */,
				8E89855E2CC832D80056E823 /* FIGUITestsLaunchTests.swift in Sources */,
			);
			runOnlyForDeploymentPostprocessing = 0;
		};
/* End PBXSourcesBuildPhase section */

/* Begin PBXTargetDependency section */
		8E89854F2CC832D80056E823 /* PBXTargetDependency */ = {
			isa = PBXTargetDependency;
			target = 8E89853C2CC832D60056E823 /* FIG */;
			targetProxy = 8E89854E2CC832D80056E823 /* PBXContainerItemProxy */;
		};
		8E8985592CC832D80056E823 /* PBXTargetDependency */ = {
			isa = PBXTargetDependency;
			target = 8E89853C2CC832D60056E823 /* FIG */;
			targetProxy = 8E8985582CC832D80056E823 /* PBXContainerItemProxy */;
		};
/* End PBXTargetDependency section */

/* Begin XCBuildConfiguration section */
		8E89855F2CC832D80056E823 /* Debug */ = {
			isa = XCBuildConfiguration;
			buildSettings = {
				ALWAYS_SEARCH_USER_PATHS = NO;
				ASSETCATALOG_COMPILER_GENERATE_SWIFT_ASSET_SYMBOL_EXTENSIONS = YES;
				CLANG_ANALYZER_NONNULL = YES;
				CLANG_ANALYZER_NUMBER_OBJECT_CONVERSION = YES_AGGRESSIVE;
				CLANG_CXX_LANGUAGE_STANDARD = "gnu++20";
				CLANG_ENABLE_MODULES = YES;
				CLANG_ENABLE_OBJC_ARC = YES;
				CLANG_ENABLE_OBJC_WEAK = YES;
				CLANG_WARN_BLOCK_CAPTURE_AUTORELEASING = YES;
				CLANG_WARN_BOOL_CONVERSION = YES;
				CLANG_WARN_COMMA = YES;
				CLANG_WARN_CONSTANT_CONVERSION = YES;
				CLANG_WARN_DEPRECATED_OBJC_IMPLEMENTATIONS = YES;
				CLANG_WARN_DIRECT_OBJC_ISA_USAGE = YES_ERROR;
				CLANG_WARN_DOCUMENTATION_COMMENTS = YES;
				CLANG_WARN_EMPTY_BODY = YES;
				CLANG_WARN_ENUM_CONVERSION = YES;
				CLANG_WARN_INFINITE_RECURSION = YES;
				CLANG_WARN_INT_CONVERSION = YES;
				CLANG_WARN_NON_LITERAL_NULL_CONVERSION = YES;
				CLANG_WARN_OBJC_IMPLICIT_RETAIN_SELF = YES;
				CLANG_WARN_OBJC_LITERAL_CONVERSION = YES;
				CLANG_WARN_OBJC_ROOT_CLASS = YES_ERROR;
				CLANG_WARN_QUOTED_INCLUDE_IN_FRAMEWORK_HEADER = YES;
				CLANG_WARN_RANGE_LOOP_ANALYSIS = YES;
				CLANG_WARN_STRICT_PROTOTYPES = YES;
				CLANG_WARN_SUSPICIOUS_MOVE = YES;
				CLANG_WARN_UNGUARDED_AVAILABILITY = YES_AGGRESSIVE;
				CLANG_WARN_UNREACHABLE_CODE = YES;
				CLANG_WARN__DUPLICATE_METHOD_MATCH = YES;
				COPY_PHASE_STRIP = NO;
				DEBUG_INFORMATION_FORMAT = dwarf;
				ENABLE_STRICT_OBJC_MSGSEND = YES;
				ENABLE_TESTABILITY = YES;
				ENABLE_USER_SCRIPT_SANDBOXING = YES;
				GCC_C_LANGUAGE_STANDARD = gnu17;
				GCC_DYNAMIC_NO_PIC = NO;
				GCC_NO_COMMON_BLOCKS = YES;
				GCC_OPTIMIZATION_LEVEL = 0;
				GCC_PREPROCESSOR_DEFINITIONS = (
					"DEBUG=1",
					"$(inherited)",
				);
				GCC_WARN_64_TO_32_BIT_CONVERSION = YES;
				GCC_WARN_ABOUT_RETURN_TYPE = YES_ERROR;
				GCC_WARN_UNDECLARED_SELECTOR = YES;
				GCC_WARN_UNINITIALIZED_AUTOS = YES_AGGRESSIVE;
				GCC_WARN_UNUSED_FUNCTION = YES;
				GCC_WARN_UNUSED_VARIABLE = YES;
				IPHONEOS_DEPLOYMENT_TARGET = 17.5;
				LOCALIZATION_PREFERS_STRING_CATALOGS = YES;
				MTL_ENABLE_DEBUG_INFO = INCLUDE_SOURCE;
				MTL_FAST_MATH = YES;
				ONLY_ACTIVE_ARCH = YES;
				SDKROOT = iphoneos;
				SWIFT_ACTIVE_COMPILATION_CONDITIONS = "DEBUG $(inherited)";
				SWIFT_OPTIMIZATION_LEVEL = "-Onone";
			};
			name = Debug;
		};
		8E8985602CC832D80056E823 /* Release */ = {
			isa = XCBuildConfiguration;
			buildSettings = {
				ALWAYS_SEARCH_USER_PATHS = NO;
				ASSETCATALOG_COMPILER_GENERATE_SWIFT_ASSET_SYMBOL_EXTENSIONS = YES;
				CLANG_ANALYZER_NONNULL = YES;
				CLANG_ANALYZER_NUMBER_OBJECT_CONVERSION = YES_AGGRESSIVE;
				CLANG_CXX_LANGUAGE_STANDARD = "gnu++20";
				CLANG_ENABLE_MODULES = YES;
				CLANG_ENABLE_OBJC_ARC = YES;
				CLANG_ENABLE_OBJC_WEAK = YES;
				CLANG_WARN_BLOCK_CAPTURE_AUTORELEASING = YES;
				CLANG_WARN_BOOL_CONVERSION = YES;
				CLANG_WARN_COMMA = YES;
				CLANG_WARN_CONSTANT_CONVERSION = YES;
				CLANG_WARN_DEPRECATED_OBJC_IMPLEMENTATIONS = YES;
				CLANG_WARN_DIRECT_OBJC_ISA_USAGE = YES_ERROR;
				CLANG_WARN_DOCUMENTATION_COMMENTS = YES;
				CLANG_WARN_EMPTY_BODY = YES;
				CLANG_WARN_ENUM_CONVERSION = YES;
				CLANG_WARN_INFINITE_RECURSION = YES;
				CLANG_WARN_INT_CONVERSION = YES;
				CLANG_WARN_NON_LITERAL_NULL_CONVERSION = YES;
				CLANG_WARN_OBJC_IMPLICIT_RETAIN_SELF = YES;
				CLANG_WARN_OBJC_LITERAL_CONVERSION = YES;
				CLANG_WARN_OBJC_ROOT_CLASS = YES_ERROR;
				CLANG_WARN_QUOTED_INCLUDE_IN_FRAMEWORK_HEADER = YES;
				CLANG_WARN_RANGE_LOOP_ANALYSIS = YES;
				CLANG_WARN_STRICT_PROTOTYPES = YES;
				CLANG_WARN_SUSPICIOUS_MOVE = YES;
				CLANG_WARN_UNGUARDED_AVAILABILITY = YES_AGGRESSIVE;
				CLANG_WARN_UNREACHABLE_CODE = YES;
				CLANG_WARN__DUPLICATE_METHOD_MATCH = YES;
				COPY_PHASE_STRIP = NO;
				DEBUG_INFORMATION_FORMAT = "dwarf-with-dsym";
				ENABLE_NS_ASSERTIONS = NO;
				ENABLE_STRICT_OBJC_MSGSEND = YES;
				ENABLE_USER_SCRIPT_SANDBOXING = YES;
				GCC_C_LANGUAGE_STANDARD = gnu17;
				GCC_NO_COMMON_BLOCKS = YES;
				GCC_WARN_64_TO_32_BIT_CONVERSION = YES;
				GCC_WARN_ABOUT_RETURN_TYPE = YES_ERROR;
				GCC_WARN_UNDECLARED_SELECTOR = YES;
				GCC_WARN_UNINITIALIZED_AUTOS = YES_AGGRESSIVE;
				GCC_WARN_UNUSED_FUNCTION = YES;
				GCC_WARN_UNUSED_VARIABLE = YES;
				IPHONEOS_DEPLOYMENT_TARGET = 17.5;
				LOCALIZATION_PREFERS_STRING_CATALOGS = YES;
				MTL_ENABLE_DEBUG_INFO = NO;
				MTL_FAST_MATH = YES;
				SDKROOT = iphoneos;
				SWIFT_COMPILATION_MODE = wholemodule;
				VALIDATE_PRODUCT = YES;
			};
			name = Release;
		};
		8E8985622CC832D80056E823 /* Debug */ = {
			isa = XCBuildConfiguration;
			buildSettings = {
				ASSETCATALOG_COMPILER_APPICON_NAME = AppIcon;
				ASSETCATALOG_COMPILER_GLOBAL_ACCENT_COLOR_NAME = AccentColor;
				CODE_SIGN_STYLE = Automatic;
				CURRENT_PROJECT_VERSION = 1;
				DEVELOPMENT_ASSET_PATHS = "\"FIG/Preview Content\"";
				DEVELOPMENT_TEAM = 4354WS5886;
				ENABLE_PREVIEWS = YES;
				GENERATE_INFOPLIST_FILE = YES;
				INFOPLIST_KEY_UIApplicationSceneManifest_Generation = YES;
				INFOPLIST_KEY_UIApplicationSupportsIndirectInputEvents = YES;
				INFOPLIST_KEY_UILaunchScreen_Generation = YES;
				INFOPLIST_KEY_UISupportedInterfaceOrientations_iPad = "UIInterfaceOrientationPortrait UIInterfaceOrientationPortraitUpsideDown UIInterfaceOrientationLandscapeLeft UIInterfaceOrientationLandscapeRight";
				INFOPLIST_KEY_UISupportedInterfaceOrientations_iPhone = "UIInterfaceOrientationPortrait UIInterfaceOrientationLandscapeLeft UIInterfaceOrientationLandscapeRight";
				LD_RUNPATH_SEARCH_PATHS = (
					"$(inherited)",
					"@executable_path/Frameworks",
				);
				MARKETING_VERSION = 1.0;
				PRODUCT_BUNDLE_IDENTIFIER = aym.FIG;
				PRODUCT_NAME = "$(TARGET_NAME)";
				SWIFT_EMIT_LOC_STRINGS = YES;
				SWIFT_VERSION = 5.0;
				TARGETED_DEVICE_FAMILY = "1,2";
			};
			name = Debug;
		};
		8E8985632CC832D80056E823 /* Release */ = {
			isa = XCBuildConfiguration;
			buildSettings = {
				ASSETCATALOG_COMPILER_APPICON_NAME = AppIcon;
				ASSETCATALOG_COMPILER_GLOBAL_ACCENT_COLOR_NAME = AccentColor;
				CODE_SIGN_STYLE = Automatic;
				CURRENT_PROJECT_VERSION = 1;
				DEVELOPMENT_ASSET_PATHS = "\"FIG/Preview Content\"";
				DEVELOPMENT_TEAM = 4354WS5886;
				ENABLE_PREVIEWS = YES;
				GENERATE_INFOPLIST_FILE = YES;
				INFOPLIST_KEY_UIApplicationSceneManifest_Generation = YES;
				INFOPLIST_KEY_UIApplicationSupportsIndirectInputEvents = YES;
				INFOPLIST_KEY_UILaunchScreen_Generation = YES;
				INFOPLIST_KEY_UISupportedInterfaceOrientations_iPad = "UIInterfaceOrientationPortrait UIInterfaceOrientationPortraitUpsideDown UIInterfaceOrientationLandscapeLeft UIInterfaceOrientationLandscapeRight";
				INFOPLIST_KEY_UISupportedInterfaceOrientations_iPhone = "UIInterfaceOrientationPortrait UIInterfaceOrientationLandscapeLeft UIInterfaceOrientationLandscapeRight";
				LD_RUNPATH_SEARCH_PATHS = (
					"$(inherited)",
					"@executable_path/Frameworks",
				);
				MARKETING_VERSION = 1.0;
				PRODUCT_BUNDLE_IDENTIFIER = aym.FIG;
				PRODUCT_NAME = "$(TARGET_NAME)";
				SWIFT_EMIT_LOC_STRINGS = YES;
				SWIFT_VERSION = 5.0;
				TARGETED_DEVICE_FAMILY = "1,2";
			};
			name = Release;
		};
		8E8985652CC832D80056E823 /* Debug */ = {
			isa = XCBuildConfiguration;
			buildSettings = {
				ALWAYS_EMBED_SWIFT_STANDARD_LIBRARIES = YES;
				BUNDLE_LOADER = "$(TEST_HOST)";
				CODE_SIGN_STYLE = Automatic;
				CURRENT_PROJECT_VERSION = 1;
				DEVELOPMENT_TEAM = 4354WS5886;
				GENERATE_INFOPLIST_FILE = YES;
				IPHONEOS_DEPLOYMENT_TARGET = 17.5;
				MARKETING_VERSION = 1.0;
				PRODUCT_BUNDLE_IDENTIFIER = aym.FIGTests;
				PRODUCT_NAME = "$(TARGET_NAME)";
				SWIFT_EMIT_LOC_STRINGS = NO;
				SWIFT_VERSION = 5.0;
				TARGETED_DEVICE_FAMILY = "1,2";
				TEST_HOST = "$(BUILT_PRODUCTS_DIR)/FIG.app/$(BUNDLE_EXECUTABLE_FOLDER_PATH)/FIG";
			};
			name = Debug;
		};
		8E8985662CC832D80056E823 /* Release */ = {
			isa = XCBuildConfiguration;
			buildSettings = {
				ALWAYS_EMBED_SWIFT_STANDARD_LIBRARIES = YES;
				BUNDLE_LOADER = "$(TEST_HOST)";
				CODE_SIGN_STYLE = Automatic;
				CURRENT_PROJECT_VERSION = 1;
				DEVELOPMENT_TEAM = 4354WS5886;
				GENERATE_INFOPLIST_FILE = YES;
				IPHONEOS_DEPLOYMENT_TARGET = 17.5;
				MARKETING_VERSION = 1.0;
				PRODUCT_BUNDLE_IDENTIFIER = aym.FIGTests;
				PRODUCT_NAME = "$(TARGET_NAME)";
				SWIFT_EMIT_LOC_STRINGS = NO;
				SWIFT_VERSION = 5.0;
				TARGETED_DEVICE_FAMILY = "1,2";
				TEST_HOST = "$(BUILT_PRODUCTS_DIR)/FIG.app/$(BUNDLE_EXECUTABLE_FOLDER_PATH)/FIG";
			};
			name = Release;
		};
		8E8985682CC832D80056E823 /* Debug */ = {
			isa = XCBuildConfiguration;
			buildSettings = {
				ALWAYS_EMBED_SWIFT_STANDARD_LIBRARIES = YES;
				CODE_SIGN_STYLE = Automatic;
				CURRENT_PROJECT_VERSION = 1;
				DEVELOPMENT_TEAM = 4354WS5886;
				GENERATE_INFOPLIST_FILE = YES;
				MARKETING_VERSION = 1.0;
				PRODUCT_BUNDLE_IDENTIFIER = aym.FIGUITests;
				PRODUCT_NAME = "$(TARGET_NAME)";
				SWIFT_EMIT_LOC_STRINGS = NO;
				SWIFT_VERSION = 5.0;
				TARGETED_DEVICE_FAMILY = "1,2";
				TEST_TARGET_NAME = FIG;
			};
			name = Debug;
		};
		8E8985692CC832D80056E823 /* Release */ = {
			isa = XCBuildConfiguration;
			buildSettings = {
				ALWAYS_EMBED_SWIFT_STANDARD_LIBRARIES = YES;
				CODE_SIGN_STYLE = Automatic;
				CURRENT_PROJECT_VERSION = 1;
				DEVELOPMENT_TEAM = 4354WS5886;
				GENERATE_INFOPLIST_FILE = YES;
				MARKETING_VERSION = 1.0;
				PRODUCT_BUNDLE_IDENTIFIER = aym.FIGUITests;
				PRODUCT_NAME = "$(TARGET_NAME)";
				SWIFT_EMIT_LOC_STRINGS = NO;
				SWIFT_VERSION = 5.0;
				TARGETED_DEVICE_FAMILY = "1,2";
				TEST_TARGET_NAME = FIG;
			};
			name = Release;
		};
/* End XCBuildConfiguration section */

/* Begin XCConfigurationList section */
		8E8985382CC832D60056E823 /* Build configuration list for PBXProject "FIG" */ = {
			isa = XCConfigurationList;
			buildConfigurations = (
				8E89855F2CC832D80056E823 /* Debug */,
				8E8985602CC832D80056E823 /* Release */,
			);
			defaultConfigurationIsVisible = 0;
			defaultConfigurationName = Release;
		};
		8E8985612CC832D80056E823 /* Build configuration list for PBXNativeTarget "FIG" */ = {
			isa = XCConfigurationList;
			buildConfigurations = (
				8E8985622CC832D80056E823 /* Debug */,
				8E8985632CC832D80056E823 /* Release */,
			);
			defaultConfigurationIsVisible = 0;
			defaultConfigurationName = Release;
		};
		8E8985642CC832D80056E823 /* Build configuration list for PBXNativeTarget "FIGTests" */ = {
			isa = XCConfigurationList;
			buildConfigurations = (
				8E8985652CC832D80056E823 /* Debug */,
				8E8985662CC832D80056E823 /* Release */,
			);
			defaultConfigurationIsVisible = 0;
			defaultConfigurationName = Release;
		};
		8E8985672CC832D80056E823 /* Build configuration list for PBXNativeTarget "FIGUITests" */ = {
			isa = XCConfigurationList;
			buildConfigurations = (
				8E8985682CC832D80056E823 /* Debug */,
				8E8985692CC832D80056E823 /* Release */,
			);
			defaultConfigurationIsVisible = 0;
			defaultConfigurationName = Release;
		};
/* End XCConfigurationList section */
	};
	rootObject = 8E8985352CC832D60056E823 /* Project object */;
}
